
Microsoft Visual Studio Solution File, Format Version 12.00
# Visual Studio Version 17
VisualStudioVersion = 17.0.32112.339
MinimumVisualStudioVersion = 10.0.40219.1
Project("{6EC3EE1D-3C4E-46DD-8F32-0CC8E7565705}") = "PingUtility", "PingUtility\PingUtility.fsproj", "{B78276CC-E79B-4545-BC7E-90559E5FAC21}"
EndProject
Project("{9A19103F-16F7-4668-BE54-9A1E7A4F7556}") = "LogFileService", "LogFileService\LogFileService.csproj", "{3B3B7301-1F03-4B76-A714-F563CD5CA96F}"
EndProject
Project("{F2A71F9B-5D33-465A-A702-920D77279786}") = "PingUtilityLibrary", "PingUtilityLibrary\PingUtilityLibrary.fsproj", "{9EF096F8-6B62-477E-9A2B-043AA453CD36}"
EndProject
Global
	GlobalSection(SolutionConfigurationPlatforms) = preSolution
		Debug|Any CPU = Debug|Any CPU
		Debug|x64 = Debug|x64
		Release|Any CPU = Release|Any CPU
		Release|x64 = Release|x64
	EndGlobalSection
	GlobalSection(ProjectConfigurationPlatforms) = postSolution
		{B78276CC-E79B-4545-BC7E-90559E5FAC21}.Debug|Any CPU.ActiveCfg = Debug|Any CPU
		{B78276CC-E79B-4545-BC7E-90559E5FAC21}.Debug|Any CPU.Build.0 = Debug|Any CPU
		{B78276CC-E79B-4545-BC7E-90559E5FAC21}.Debug|x64.ActiveCfg = Debug|Any CPU
		{B78276CC-E79B-4545-BC7E-90559E5FAC21}.Debug|x64.Build.0 = Debug|Any CPU
		{B78276CC-E79B-4545-BC7E-90559E5FAC21}.Release|Any CPU.ActiveCfg = Release|Any CPU
		{B78276CC-E79B-4545-BC7E-90559E5FAC21}.Release|Any CPU.Build.0 = Release|Any CPU
		{B78276CC-E79B-4545-BC7E-90559E5FAC21}.Release|x64.ActiveCfg = Release|Any CPU
		{B78276CC-E79B-4545-BC7E-90559E5FAC21}.Release|x64.Build.0 = Release|Any CPU
		{3B3B7301-1F03-4B76-A714-F563CD5CA96F}.Debug|Any CPU.ActiveCfg = Debug|Any CPU
		{3B3B7301-1F03-4B76-A714-F563CD5CA96F}.Debug|Any CPU.Build.0 = Debug|Any CPU
		{3B3B7301-1F03-4B76-A714-F563CD5CA96F}.Debug|x64.ActiveCfg = Debug|Any CPU
		{3B3B7301-1F03-4B76-A714-F563CD5CA96F}.Debug|x64.Build.0 = Debug|Any CPU
		{3B3B7301-1F03-4B76-A714-F563CD5CA96F}.Release|Any CPU.ActiveCfg = Release|Any CPU
		{3B3B7301-1F03-4B76-A714-F563CD5CA96F}.Release|Any CPU.Build.0 = Release|Any CPU
		{3B3B7301-1F03-4B76-A714-F563CD5CA96F}.Release|x64.ActiveCfg = Release|Any CPU
		{3B3B7301-1F03-4B76-A714-F563CD5CA96F}.Release|x64.Build.0 = Release|Any CPU
		{9EF096F8-6B62-477E-9A2B-043AA453CD36}.Debug|Any CPU.ActiveCfg = Debug|Any CPU
		{9EF096F8-6B62-477E-9A2B-043AA453CD36}.Debug|Any CPU.Build.0 = Debug|Any CPU
		{9EF096F8-6B62-477E-9A2B-043AA453CD36}.Debug|x64.ActiveCfg = Debug|Any CPU
		{9EF096F8-6B62-477E-9A2B-043AA453CD36}.Debug|x64.Build.0 = Debug|Any CPU
		{9EF096F8-6B62-477E-9A2B-043AA453CD36}.Release|Any CPU.ActiveCfg = Release|Any CPU
		{9EF096F8-6B62-477E-9A2B-043AA453CD36}.Release|Any CPU.Build.0 = Release|Any CPU
		{9EF096F8-6B62-477E-9A2B-043AA453CD36}.Release|x64.ActiveCfg = Release|Any CPU
		{9EF096F8-6B62-477E-9A2B-043AA453CD36}.Release|x64.Build.0 = Release|Any CPU
	EndGlobalSection
	GlobalSection(SolutionProperties) = preSolution
		HideSolutionNode = FALSE
	EndGlobalSection
	GlobalSection(ExtensibilityGlobals) = postSolution
		SolutionGuid = {F91AD314-CD5A-4A92-9039-FE55A258B6D2}
	EndGlobalSection
EndGlobal
